
Microsoft Visual Studio Solution File, Format Version 12.00
# Visual Studio Version 16
VisualStudioVersion = 16.0.29613.14
MinimumVisualStudioVersion = 10.0.40219.1
Project("{FAE04EC0-301F-11D3-BF4B-00C04F79EFBC}") = "Overview", "Overview.csproj", "{74A30859-6B8C-4ECE-B5CE-3595EE7ED9EF}"
EndProject
Global
	GlobalSection(SolutionConfigurationPlatforms) = preSolution
		Debug|Any CPU = Debug|Any CPU
		Release|Any CPU = Release|Any CPU
	EndGlobalSection
	GlobalSection(ProjectConfigurationPlatforms) = postSolution
		{74A30859-6B8C-4ECE-B5CE-3595EE7ED9EF}.Debug|Any CPU.ActiveCfg = Debug|Any CPU
		{74A30859-6B8C-4ECE-B5CE-3595EE7ED9EF}.Debug|Any CPU.Build.0 = Debug|Any CPU
		{74A30859-6B8C-4ECE-B5CE-3595EE7ED9EF}.Release|Any CPU.ActiveCfg = Release|Any CPU
		{74A30859-6B8C-4ECE-B5CE-3595EE7ED9EF}.Release|Any CPU.Build.0 = Release|Any CPU
	EndGlobalSection
	GlobalSection(SolutionProperties) = preSolution
		HideSolutionNode = FALSE
	EndGlobalSection
	GlobalSection(ExtensibilityGlobals) = postSolution
		SolutionGuid = {1C09C547-2739-4716-86E7-1BBF3D2BD45E}
	EndGlobalSection
EndGlobal
